<?xml version="1.0" encoding="utf-8"?>
<Project ToolsVersion="17.0" xmlns="http://schemas.microsoft.com/developer/msbuild/2003">
  <ItemGroup>
    <ClCompile Include="C:\Users\Administrator\Documents\obs-studio\plugins\OBSInfoWriter\OutputFormat\OutputFormat.SRT.cpp">
      <Filter>Source Files</Filter>
    </ClCompile>
    <ClCompile Include="C:\Users\Administrator\Documents\obs-studio\plugins\OBSInfoWriter\OutputFormat\OutputFormat.CSV.cpp">
      <Filter>Source Files</Filter>
    </ClCompile>
    <ClCompile Include="C:\Users\Administrator\Documents\obs-studio\plugins\OBSInfoWriter\OutputFormat\OutputFormat.EDL.cpp">
      <Filter>Source Files</Filter>
    </ClCompile>
    <ClCompile Include="C:\Users\Administrator\Documents\obs-studio\plugins\OBSInfoWriter\OutputFormat\OutputFormat.Default.cpp">
      <Filter>Source Files</Filter>
    </ClCompile>
    <ClCompile Include="C:\Users\Administrator\Documents\obs-studio\plugins\OBSInfoWriter\InfoWriter.cpp">
      <Filter>Source Files</Filter>
    </ClCompile>
    <ClCompile Include="C:\Users\Administrator\Documents\obs-studio\plugins\OBSInfoWriter\InfoWriterSettings.cpp">
      <Filter>Source Files</Filter>
    </ClCompile>
    <ClCompile Include="C:\Users\Administrator\Documents\obs-studio\plugins\OBSInfoWriter\OBSStudioInfoWriter.cpp">
      <Filter>Source Files</Filter>
    </ClCompile>
  </ItemGroup>
  <ItemGroup>
    <CustomBuild Include="C:\Users\Administrator\Documents\obs-studio\plugins\OBSInfoWriter\CMakeLists.txt" />
  </ItemGroup>
  <ItemGroup>
    <ResourceCompile Include="C:\Users\Administrator\Documents\obs-studio\plugins\OBSInfoWriter\build_x64\OBSInfoWriter.rc">
      <Filter>Source Files</Filter>
    </ResourceCompile>
  </ItemGroup>
  <ItemGroup>
    <Filter Include="Source Files">
      <UniqueIdentifier>{70B0A0BA-9DF0-3616-9C54-15CD7661016E}</UniqueIdentifier>
    </Filter>
  </ItemGroup>
</Project>
